// !$*UTF8*$!
{
	archiveVersion = 1;
	classes = {
	};
	objectVersion = 50;
	objects = {

/* Begin PBXBuildFile section */
		031550F5232627EB00751C26 /* AWNewsTableViewCell.m in Sources */ = {isa = PBXBuildFile; fileRef = 031550F4232627EB00751C26 /* AWNewsTableViewCell.m */; };
		031550F82326402700751C26 /* AWNewsTableViewCellDeleteDialog.m in Sources */ = {isa = PBXBuildFile; fileRef = 031550F72326402700751C26 /* AWNewsTableViewCellDeleteDialog.m */; };
		031550FB232780A300751C26 /* AWNewsDetailViewController.m in Sources */ = {isa = PBXBuildFile; fileRef = 031550FA232780A300751C26 /* AWNewsDetailViewController.m */; };
		031550FF232D27CC00751C26 /* AWSplashView.m in Sources */ = {isa = PBXBuildFile; fileRef = 031550FE232D27CC00751C26 /* AWSplashView.m */; };
		031551032335FB1500751C26 /* AWScreen.m in Sources */ = {isa = PBXBuildFile; fileRef = 031551022335FB1500751C26 /* AWScreen.m */; };
		031551062336284100751C26 /* AWSearchBar.m in Sources */ = {isa = PBXBuildFile; fileRef = 031551052336284100751C26 /* AWSearchBar.m */; };
		0350344B231CB941009C75E5 /* AppDelegate.m in Sources */ = {isa = PBXBuildFile; fileRef = 0350344A231CB941009C75E5 /* AppDelegate.m */; };
		03503453231CB943009C75E5 /* Assets.xcassets in Resources */ = {isa = PBXBuildFile; fileRef = 03503452231CB943009C75E5 /* Assets.xcassets */; };
		03503459231CB943009C75E5 /* main.m in Sources */ = {isa = PBXBuildFile; fileRef = 03503458231CB943009C75E5 /* main.m */; };
		03503469231CBAC3009C75E5 /* AWBaseTabBarController.m in Sources */ = {isa = PBXBuildFile; fileRef = 03503468231CBAC3009C75E5 /* AWBaseTabBarController.m */; };
		0350346C231CBB02009C75E5 /* AWBaseNavigationController.m in Sources */ = {isa = PBXBuildFile; fileRef = 0350346B231CBB02009C75E5 /* AWBaseNavigationController.m */; };
		0350346F231CBB30009C75E5 /* AWBaseViewController.m in Sources */ = {isa = PBXBuildFile; fileRef = 0350346E231CBB30009C75E5 /* AWBaseViewController.m */; };
		03503472231CBB45009C75E5 /* AWNewsViewController.m in Sources */ = {isa = PBXBuildFile; fileRef = 03503471231CBB45009C75E5 /* AWNewsViewController.m */; };
		03503476231CBC75009C75E5 /* icon.bundle in Resources */ = {isa = PBXBuildFile; fileRef = 03503475231CBC75009C75E5 /* icon.bundle */; };
		0350347A231CBCD5009C75E5 /* AWVideoViewController.m in Sources */ = {isa = PBXBuildFile; fileRef = 03503479231CBCD5009C75E5 /* AWVideoViewController.m */; };
		0350347E231CBD19009C75E5 /* AWRecommendViewController.m in Sources */ = {isa = PBXBuildFile; fileRef = 0350347D231CBD19009C75E5 /* AWRecommendViewController.m */; };
		03503482231CBD43009C75E5 /* AWMineViewController.m in Sources */ = {isa = PBXBuildFile; fileRef = 03503481231CBD43009C75E5 /* AWMineViewController.m */; };
		0350348A232148B0009C75E5 /* AWBaseServices.m in Sources */ = {isa = PBXBuildFile; fileRef = 03503489232148B0009C75E5 /* AWBaseServices.m */; };
		0350348D23214BE2009C75E5 /* AWNewsServices.m in Sources */ = {isa = PBXBuildFile; fileRef = 0350348C23214BE2009C75E5 /* AWNewsServices.m */; };
		0350349523225E44009C75E5 /* AWNewsListItem.m in Sources */ = {isa = PBXBuildFile; fileRef = 0350349423225E44009C75E5 /* AWNewsListItem.m */; };
		C27059C7B6E3E7A96004D2B5 /* libPods-basic-demo.a in Frameworks */ = {isa = PBXBuildFile; fileRef = 304729C09693A2253E11B7B1 /* libPods-basic-demo.a */; };
/* End PBXBuildFile section */

/* Begin PBXFileReference section */
		031550F3232627EB00751C26 /* AWNewsTableViewCell.h */ = {isa = PBXFileReference; lastKnownFileType = sourcecode.c.h; path = AWNewsTableViewCell.h; sourceTree = "<group>"; };
		031550F4232627EB00751C26 /* AWNewsTableViewCell.m */ = {isa = PBXFileReference; lastKnownFileType = sourcecode.c.objc; path = AWNewsTableViewCell.m; sourceTree = "<group>"; };
		031550F62326402700751C26 /* AWNewsTableViewCellDeleteDialog.h */ = {isa = PBXFileReference; lastKnownFileType = sourcecode.c.h; path = AWNewsTableViewCellDeleteDialog.h; sourceTree = "<group>"; };
		031550F72326402700751C26 /* AWNewsTableViewCellDeleteDialog.m */ = {isa = PBXFileReference; lastKnownFileType = sourcecode.c.objc; path = AWNewsTableViewCellDeleteDialog.m; sourceTree = "<group>"; };
		031550F9232780A300751C26 /* AWNewsDetailViewController.h */ = {isa = PBXFileReference; lastKnownFileType = sourcecode.c.h; path = AWNewsDetailViewController.h; sourceTree = "<group>"; };
		031550FA232780A300751C26 /* AWNewsDetailViewController.m */ = {isa = PBXFileReference; lastKnownFileType = sourcecode.c.objc; path = AWNewsDetailViewController.m; sourceTree = "<group>"; };
		031550FD232D27CC00751C26 /* AWSplashView.h */ = {isa = PBXFileReference; lastKnownFileType = sourcecode.c.h; path = AWSplashView.h; sourceTree = "<group>"; };
		031550FE232D27CC00751C26 /* AWSplashView.m */ = {isa = PBXFileReference; lastKnownFileType = sourcecode.c.objc; path = AWSplashView.m; sourceTree = "<group>"; };
		031551012335FB1500751C26 /* AWScreen.h */ = {isa = PBXFileReference; lastKnownFileType = sourcecode.c.h; path = AWScreen.h; sourceTree = "<group>"; };
		031551022335FB1500751C26 /* AWScreen.m */ = {isa = PBXFileReference; lastKnownFileType = sourcecode.c.objc; path = AWScreen.m; sourceTree = "<group>"; };
		031551042336284100751C26 /* AWSearchBar.h */ = {isa = PBXFileReference; lastKnownFileType = sourcecode.c.h; path = AWSearchBar.h; sourceTree = "<group>"; };
		031551052336284100751C26 /* AWSearchBar.m */ = {isa = PBXFileReference; lastKnownFileType = sourcecode.c.objc; path = AWSearchBar.m; sourceTree = "<group>"; };
		03503446231CB941009C75E5 /* basic-demo.app */ = {isa = PBXFileReference; explicitFileType = wrapper.application; includeInIndex = 0; path = "basic-demo.app"; sourceTree = BUILT_PRODUCTS_DIR; };
		03503449231CB941009C75E5 /* AppDelegate.h */ = {isa = PBXFileReference; lastKnownFileType = sourcecode.c.h; path = AppDelegate.h; sourceTree = "<group>"; };
		0350344A231CB941009C75E5 /* AppDelegate.m */ = {isa = PBXFileReference; lastKnownFileType = sourcecode.c.objc; path = AppDelegate.m; sourceTree = "<group>"; };
		03503452231CB943009C75E5 /* Assets.xcassets */ = {isa = PBXFileReference; lastKnownFileType = folder.assetcatalog; path = Assets.xcassets; sourceTree = "<group>"; };
		03503457231CB943009C75E5 /* Info.plist */ = {isa = PBXFileReference; lastKnownFileType = text.plist.xml; path = Info.plist; sourceTree = "<group>"; };
		03503458231CB943009C75E5 /* main.m */ = {isa = PBXFileReference; lastKnownFileType = sourcecode.c.objc; path = main.m; sourceTree = "<group>"; };
		03503467231CBAC3009C75E5 /* AWBaseTabBarController.h */ = {isa = PBXFileReference; lastKnownFileType = sourcecode.c.h; path = AWBaseTabBarController.h; sourceTree = "<group>"; };
		03503468231CBAC3009C75E5 /* AWBaseTabBarController.m */ = {isa = PBXFileReference; lastKnownFileType = sourcecode.c.objc; path = AWBaseTabBarController.m; sourceTree = "<group>"; };
		0350346A231CBB02009C75E5 /* AWBaseNavigationController.h */ = {isa = PBXFileReference; lastKnownFileType = sourcecode.c.h; path = AWBaseNavigationController.h; sourceTree = "<group>"; };
		0350346B231CBB02009C75E5 /* AWBaseNavigationController.m */ = {isa = PBXFileReference; lastKnownFileType = sourcecode.c.objc; path = AWBaseNavigationController.m; sourceTree = "<group>"; };
		0350346D231CBB30009C75E5 /* AWBaseViewController.h */ = {isa = PBXFileReference; lastKnownFileType = sourcecode.c.h; path = AWBaseViewController.h; sourceTree = "<group>"; };
		0350346E231CBB30009C75E5 /* AWBaseViewController.m */ = {isa = PBXFileReference; lastKnownFileType = sourcecode.c.objc; path = AWBaseViewController.m; sourceTree = "<group>"; };
		03503470231CBB45009C75E5 /* AWNewsViewController.h */ = {isa = PBXFileReference; lastKnownFileType = sourcecode.c.h; path = AWNewsViewController.h; sourceTree = "<group>"; };
		03503471231CBB45009C75E5 /* AWNewsViewController.m */ = {isa = PBXFileReference; lastKnownFileType = sourcecode.c.objc; path = AWNewsViewController.m; sourceTree = "<group>"; };
		03503475231CBC75009C75E5 /* icon.bundle */ = {isa = PBXFileReference; lastKnownFileType = "wrapper.plug-in"; path = icon.bundle; sourceTree = "<group>"; };
		03503478231CBCD5009C75E5 /* AWVideoViewController.h */ = {isa = PBXFileReference; lastKnownFileType = sourcecode.c.h; path = AWVideoViewController.h; sourceTree = "<group>"; };
		03503479231CBCD5009C75E5 /* AWVideoViewController.m */ = {isa = PBXFileReference; lastKnownFileType = sourcecode.c.objc; path = AWVideoViewController.m; sourceTree = "<group>"; };
		0350347C231CBD19009C75E5 /* AWRecommendViewController.h */ = {isa = PBXFileReference; lastKnownFileType = sourcecode.c.h; path = AWRecommendViewController.h; sourceTree = "<group>"; };
		0350347D231CBD19009C75E5 /* AWRecommendViewController.m */ = {isa = PBXFileReference; lastKnownFileType = sourcecode.c.objc; path = AWRecommendViewController.m; sourceTree = "<group>"; };
		03503480231CBD43009C75E5 /* AWMineViewController.h */ = {isa = PBXFileReference; lastKnownFileType = sourcecode.c.h; path = AWMineViewController.h; sourceTree = "<group>"; };
		03503481231CBD43009C75E5 /* AWMineViewController.m */ = {isa = PBXFileReference; lastKnownFileType = sourcecode.c.objc; path = AWMineViewController.m; sourceTree = "<group>"; };
		03503488232148B0009C75E5 /* AWBaseServices.h */ = {isa = PBXFileReference; lastKnownFileType = sourcecode.c.h; path = AWBaseServices.h; sourceTree = "<group>"; };
		03503489232148B0009C75E5 /* AWBaseServices.m */ = {isa = PBXFileReference; lastKnownFileType = sourcecode.c.objc; path = AWBaseServices.m; sourceTree = "<group>"; };
		0350348B23214BE2009C75E5 /* AWNewsServices.h */ = {isa = PBXFileReference; lastKnownFileType = sourcecode.c.h; path = AWNewsServices.h; sourceTree = "<group>"; };
		0350348C23214BE2009C75E5 /* AWNewsServices.m */ = {isa = PBXFileReference; lastKnownFileType = sourcecode.c.objc; path = AWNewsServices.m; sourceTree = "<group>"; };
		0350349323225E44009C75E5 /* AWNewsListItem.h */ = {isa = PBXFileReference; lastKnownFileType = sourcecode.c.h; path = AWNewsListItem.h; sourceTree = "<group>"; };
		0350349423225E44009C75E5 /* AWNewsListItem.m */ = {isa = PBXFileReference; lastKnownFileType = sourcecode.c.objc; path = AWNewsListItem.m; sourceTree = "<group>"; };
		304729C09693A2253E11B7B1 /* libPods-basic-demo.a */ = {isa = PBXFileReference; explicitFileType = archive.ar; includeInIndex = 0; path = "libPods-basic-demo.a"; sourceTree = BUILT_PRODUCTS_DIR; };
		93750210AB907F4BD594AD0A /* Pods-basic-demo.release.xcconfig */ = {isa = PBXFileReference; includeInIndex = 1; lastKnownFileType = text.xcconfig; name = "Pods-basic-demo.release.xcconfig"; path = "Target Support Files/Pods-basic-demo/Pods-basic-demo.release.xcconfig"; sourceTree = "<group>"; };
		C35D943054BCBB0E72A2264E /* Pods-basic-demo.debug.xcconfig */ = {isa = PBXFileReference; includeInIndex = 1; lastKnownFileType = text.xcconfig; name = "Pods-basic-demo.debug.xcconfig"; path = "Target Support Files/Pods-basic-demo/Pods-basic-demo.debug.xcconfig"; sourceTree = "<group>"; };
/* End PBXFileReference section */

/* Begin PBXFrameworksBuildPhase section */
		03503443231CB941009C75E5 /* Frameworks */ = {
			isa = PBXFrameworksBuildPhase;
			buildActionMask = 2147483647;
			files = (
				C27059C7B6E3E7A96004D2B5 /* libPods-basic-demo.a in Frameworks */,
			);
			runOnlyForDeploymentPostprocessing = 0;
		};
/* End PBXFrameworksBuildPhase section */

/* Begin PBXGroup section */
		031550FC232D27A100751C26 /* Splash */ = {
			isa = PBXGroup;
			children = (
				03155100232D27D000751C26 /* Views */,
			);
			path = Splash;
			sourceTree = "<group>";
		};
		03155100232D27D000751C26 /* Views */ = {
			isa = PBXGroup;
			children = (
				031550FD232D27CC00751C26 /* AWSplashView.h */,
				031550FE232D27CC00751C26 /* AWSplashView.m */,
			);
			path = Views;
			sourceTree = "<group>";
		};
		0350343D231CB941009C75E5 = {
			isa = PBXGroup;
			children = (
				03503448231CB941009C75E5 /* basic-demo */,
				03503447231CB941009C75E5 /* Products */,
				64CE0C6F76E4BC2AB932369B /* Pods */,
				1A3CDEEDD8D35009270DAD9E /* Frameworks */,
			);
			sourceTree = "<group>";
		};
		03503447231CB941009C75E5 /* Products */ = {
			isa = PBXGroup;
			children = (
				03503446231CB941009C75E5 /* basic-demo.app */,
			);
			name = Products;
			sourceTree = "<group>";
		};
		03503448231CB941009C75E5 /* basic-demo */ = {
			isa = PBXGroup;
			children = (
				03503460231CB967009C75E5 /* Base */,
				0350349023225DF4009C75E5 /* Common */,
				03503483231CC0FC009C75E5 /* Tools */,
				03503475231CBC75009C75E5 /* icon.bundle */,
				0350345F231CB95E009C75E5 /* Pages */,
				03503449231CB941009C75E5 /* AppDelegate.h */,
				0350344A231CB941009C75E5 /* AppDelegate.m */,
				03503452231CB943009C75E5 /* Assets.xcassets */,
				03503457231CB943009C75E5 /* Info.plist */,
				03503458231CB943009C75E5 /* main.m */,
			);
			path = "basic-demo";
			sourceTree = "<group>";
		};
		0350345F231CB95E009C75E5 /* Pages */ = {
			isa = PBXGroup;
			children = (
				031550FC232D27A100751C26 /* Splash */,
				03503461231CB982009C75E5 /* News */,
				03503462231CB989009C75E5 /* Video */,
				03503463231CB98F009C75E5 /* Recommend */,
				03503464231CB99A009C75E5 /* Mine */,
			);
			path = Pages;
			sourceTree = "<group>";
		};
		03503460231CB967009C75E5 /* Base */ = {
			isa = PBXGroup;
			children = (
				03503466231CBA89009C75E5 /* Controllers */,
			);
			path = Base;
			sourceTree = "<group>";
		};
		03503461231CB982009C75E5 /* News */ = {
			isa = PBXGroup;
			children = (
				0350349223225E1A009C75E5 /* Views */,
				0350349123225E13009C75E5 /* Models */,
				0350348F23225DE3009C75E5 /* Services */,
				03503465231CBA6E009C75E5 /* Controllers */,
			);
			path = News;
			sourceTree = "<group>";
		};
		03503462231CB989009C75E5 /* Video */ = {
			isa = PBXGroup;
			children = (
				03503477231CBCC4009C75E5 /* Controllers */,
			);
			path = Video;
			sourceTree = "<group>";
		};
		03503463231CB98F009C75E5 /* Recommend */ = {
			isa = PBXGroup;
			children = (
				0350347B231CBD06009C75E5 /* Controllers */,
			);
			path = Recommend;
			sourceTree = "<group>";
		};
		03503464231CB99A009C75E5 /* Mine */ = {
			isa = PBXGroup;
			children = (
				0350347F231CBD33009C75E5 /* Controllers */,
			);
			path = Mine;
			sourceTree = "<group>";
		};
		03503465231CBA6E009C75E5 /* Controllers */ = {
			isa = PBXGroup;
			children = (
				03503470231CBB45009C75E5 /* AWNewsViewController.h */,
				03503471231CBB45009C75E5 /* AWNewsViewController.m */,
				031550F9232780A300751C26 /* AWNewsDetailViewController.h */,
				031550FA232780A300751C26 /* AWNewsDetailViewController.m */,
			);
			path = Controllers;
			sourceTree = "<group>";
		};
		03503466231CBA89009C75E5 /* Controllers */ = {
			isa = PBXGroup;
			children = (
				03503467231CBAC3009C75E5 /* AWBaseTabBarController.h */,
				03503468231CBAC3009C75E5 /* AWBaseTabBarController.m */,
				0350346A231CBB02009C75E5 /* AWBaseNavigationController.h */,
				0350346B231CBB02009C75E5 /* AWBaseNavigationController.m */,
				0350346D231CBB30009C75E5 /* AWBaseViewController.h */,
				0350346E231CBB30009C75E5 /* AWBaseViewController.m */,
			);
			path = Controllers;
			sourceTree = "<group>";
		};
		03503477231CBCC4009C75E5 /* Controllers */ = {
			isa = PBXGroup;
			children = (
				03503478231CBCD5009C75E5 /* AWVideoViewController.h */,
				03503479231CBCD5009C75E5 /* AWVideoViewController.m */,
			);
			path = Controllers;
			sourceTree = "<group>";
		};
		0350347B231CBD06009C75E5 /* Controllers */ = {
			isa = PBXGroup;
			children = (
				0350347C231CBD19009C75E5 /* AWRecommendViewController.h */,
				0350347D231CBD19009C75E5 /* AWRecommendViewController.m */,
			);
			path = Controllers;
			sourceTree = "<group>";
		};
		0350347F231CBD33009C75E5 /* Controllers */ = {
			isa = PBXGroup;
			children = (
				03503480231CBD43009C75E5 /* AWMineViewController.h */,
				03503481231CBD43009C75E5 /* AWMineViewController.m */,
			);
			path = Controllers;
			sourceTree = "<group>";
		};
		03503483231CC0FC009C75E5 /* Tools */ = {
			isa = PBXGroup;
			children = (
				03503488232148B0009C75E5 /* AWBaseServices.h */,
				03503489232148B0009C75E5 /* AWBaseServices.m */,
				031551012335FB1500751C26 /* AWScreen.h */,
				031551022335FB1500751C26 /* AWScreen.m */,
			);
			path = Tools;
			sourceTree = "<group>";
		};
		0350348F23225DE3009C75E5 /* Services */ = {
			isa = PBXGroup;
			children = (
				0350348B23214BE2009C75E5 /* AWNewsServices.h */,
				0350348C23214BE2009C75E5 /* AWNewsServices.m */,
			);
			path = Services;
			sourceTree = "<group>";
		};
		0350349023225DF4009C75E5 /* Common */ = {
			isa = PBXGroup;
			children = (
			);
			path = Common;
			sourceTree = "<group>";
		};
		0350349123225E13009C75E5 /* Models */ = {
			isa = PBXGroup;
			children = (
				0350349323225E44009C75E5 /* AWNewsListItem.h */,
				0350349423225E44009C75E5 /* AWNewsListItem.m */,
			);
			path = Models;
			sourceTree = "<group>";
		};
		0350349223225E1A009C75E5 /* Views */ = {
			isa = PBXGroup;
			children = (
				031550F3232627EB00751C26 /* AWNewsTableViewCell.h */,
				031550F4232627EB00751C26 /* AWNewsTableViewCell.m */,
				031550F62326402700751C26 /* AWNewsTableViewCellDeleteDialog.h */,
				031550F72326402700751C26 /* AWNewsTableViewCellDeleteDialog.m */,
				031551042336284100751C26 /* AWSearchBar.h */,
				031551052336284100751C26 /* AWSearchBar.m */,
			);
			path = Views;
			sourceTree = "<group>";
		};
		1A3CDEEDD8D35009270DAD9E /* Frameworks */ = {
			isa = PBXGroup;
			children = (
				304729C09693A2253E11B7B1 /* libPods-basic-demo.a */,
			);
			name = Frameworks;
			sourceTree = "<group>";
		};
		64CE0C6F76E4BC2AB932369B /* Pods */ = {
			isa = PBXGroup;
			children = (
				C35D943054BCBB0E72A2264E /* Pods-basic-demo.debug.xcconfig */,
				93750210AB907F4BD594AD0A /* Pods-basic-demo.release.xcconfig */,
			);
			path = Pods;
			sourceTree = "<group>";
		};
/* End PBXGroup section */

/* Begin PBXNativeTarget section */
		03503445231CB941009C75E5 /* basic-demo */ = {
			isa = PBXNativeTarget;
			buildConfigurationList = 0350345C231CB943009C75E5 /* Build configuration list for PBXNativeTarget "basic-demo" */;
			buildPhases = (
				128D44A0C67EC78DCFD2C4B2 /* [CP] Check Pods Manifest.lock */,
				03503442231CB941009C75E5 /* Sources */,
				03503443231CB941009C75E5 /* Frameworks */,
				03503444231CB941009C75E5 /* Resources */,
			);
			buildRules = (
			);
			dependencies = (
			);
			name = "basic-demo";
			productName = "basic-demo";
			productReference = 03503446231CB941009C75E5 /* basic-demo.app */;
			productType = "com.apple.product-type.application";
		};
/* End PBXNativeTarget section */

/* Begin PBXProject section */
		0350343E231CB941009C75E5 /* Project object */ = {
			isa = PBXProject;
			attributes = {
				CLASSPREFIX = AW;
				LastUpgradeCheck = 1030;
				ORGANIZATIONNAME = wutong;
				TargetAttributes = {
					03503445231CB941009C75E5 = {
						CreatedOnToolsVersion = 10.3;
					};
				};
			};
			buildConfigurationList = 03503441231CB941009C75E5 /* Build configuration list for PBXProject "basic-demo" */;
			compatibilityVersion = "Xcode 9.3";
			developmentRegion = en;
			hasScannedForEncodings = 0;
			knownRegions = (
				en,
				Base,
			);
			mainGroup = 0350343D231CB941009C75E5;
			productRefGroup = 03503447231CB941009C75E5 /* Products */;
			projectDirPath = "";
			projectRoot = "";
			targets = (
				03503445231CB941009C75E5 /* basic-demo */,
			);
		};
/* End PBXProject section */

/* Begin PBXResourcesBuildPhase section */
		03503444231CB941009C75E5 /* Resources */ = {
			isa = PBXResourcesBuildPhase;
			buildActionMask = 2147483647;
			files = (
				03503453231CB943009C75E5 /* Assets.xcassets in Resources */,
				03503476231CBC75009C75E5 /* icon.bundle in Resources */,
			);
			runOnlyForDeploymentPostprocessing = 0;
		};
/* End PBXResourcesBuildPhase section */

/* Begin PBXShellScriptBuildPhase section */
		128D44A0C67EC78DCFD2C4B2 /* [CP] Check Pods Manifest.lock */ = {
			isa = PBXShellScriptBuildPhase;
			buildActionMask = 2147483647;
			files = (
			);
			inputFileListPaths = (
			);
			inputPaths = (
				"${PODS_PODFILE_DIR_PATH}/Podfile.lock",
				"${PODS_ROOT}/Manifest.lock",
			);
			name = "[CP] Check Pods Manifest.lock";
			outputFileListPaths = (
			);
			outputPaths = (
				"$(DERIVED_FILE_DIR)/Pods-basic-demo-checkManifestLockResult.txt",
			);
			runOnlyForDeploymentPostprocessing = 0;
			shellPath = /bin/sh;
			shellScript = "diff \"${PODS_PODFILE_DIR_PATH}/Podfile.lock\" \"${PODS_ROOT}/Manifest.lock\" > /dev/null\nif [ $? != 0 ] ; then\n    # print error to STDERR\n    echo \"error: The sandbox is not in sync with the Podfile.lock. Run 'pod install' or update your CocoaPods installation.\" >&2\n    exit 1\nfi\n# This output is used by Xcode 'outputs' to avoid re-running this script phase.\necho \"SUCCESS\" > \"${SCRIPT_OUTPUT_FILE_0}\"\n";
			showEnvVarsInLog = 0;
		};
/* End PBXShellScriptBuildPhase section */

/* Begin PBXSourcesBuildPhase section */
		03503442231CB941009C75E5 /* Sources */ = {
			isa = PBXSourcesBuildPhase;
			buildActionMask = 2147483647;
			files = (
				0350347A231CBCD5009C75E5 /* AWVideoViewController.m in Sources */,
				03503459231CB943009C75E5 /* main.m in Sources */,
				03503469231CBAC3009C75E5 /* AWBaseTabBarController.m in Sources */,
				031550F82326402700751C26 /* AWNewsTableViewCellDeleteDialog.m in Sources */,
				03503482231CBD43009C75E5 /* AWMineViewController.m in Sources */,
				031550FB232780A300751C26 /* AWNewsDetailViewController.m in Sources */,
				031550F5232627EB00751C26 /* AWNewsTableViewCell.m in Sources */,
				031551062336284100751C26 /* AWSearchBar.m in Sources */,
				031550FF232D27CC00751C26 /* AWSplashView.m in Sources */,
				031551032335FB1500751C26 /* AWScreen.m in Sources */,
				0350346C231CBB02009C75E5 /* AWBaseNavigationController.m in Sources */,
				03503472231CBB45009C75E5 /* AWNewsViewController.m in Sources */,
				0350346F231CBB30009C75E5 /* AWBaseViewController.m in Sources */,
				0350344B231CB941009C75E5 /* AppDelegate.m in Sources */,
				0350348D23214BE2009C75E5 /* AWNewsServices.m in Sources */,
				0350348A232148B0009C75E5 /* AWBaseServices.m in Sources */,
				0350347E231CBD19009C75E5 /* AWRecommendViewController.m in Sources */,
				0350349523225E44009C75E5 /* AWNewsListItem.m in Sources */,
			);
			runOnlyForDeploymentPostprocessing = 0;
		};
/* End PBXSourcesBuildPhase section */

/* Begin XCBuildConfiguration section */
		0350345A231CB943009C75E5 /* Debug */ = {
			isa = XCBuildConfiguration;
			buildSettings = {
				ALWAYS_SEARCH_USER_PATHS = NO;
				CLANG_ANALYZER_NONNULL = YES;
				CLANG_ANALYZER_NUMBER_OBJECT_CONVERSION = YES_AGGRESSIVE;
				CLANG_CXX_LANGUAGE_STANDARD = "gnu++14";
				CLANG_CXX_LIBRARY = "libc++";
				CLANG_ENABLE_MODULES = YES;
				CLANG_ENABLE_OBJC_ARC = YES;
				CLANG_ENABLE_OBJC_WEAK = YES;
				CLANG_WARN_BLOCK_CAPTURE_AUTORELEASING = YES;
				CLANG_WARN_BOOL_CONVERSION = YES;
				CLANG_WARN_COMMA = YES;
				CLANG_WARN_CONSTANT_CONVERSION = YES;
				CLANG_WARN_DEPRECATED_OBJC_IMPLEMENTATIONS = YES;
				CLANG_WARN_DIRECT_OBJC_ISA_USAGE = YES_ERROR;
				CLANG_WARN_DOCUMENTATION_COMMENTS = YES;
				CLANG_WARN_EMPTY_BODY = YES;
				CLANG_WARN_ENUM_CONVERSION = YES;
				CLANG_WARN_INFINITE_RECURSION = YES;
				CLANG_WARN_INT_CONVERSION = YES;
				CLANG_WARN_NON_LITERAL_NULL_CONVERSION = YES;
				CLANG_WARN_OBJC_IMPLICIT_RETAIN_SELF = YES;
				CLANG_WARN_OBJC_LITERAL_CONVERSION = YES;
				CLANG_WARN_OBJC_ROOT_CLASS = YES_ERROR;
				CLANG_WARN_RANGE_LOOP_ANALYSIS = YES;
				CLANG_WARN_STRICT_PROTOTYPES = YES;
				CLANG_WARN_SUSPICIOUS_MOVE = YES;
				CLANG_WARN_UNGUARDED_AVAILABILITY = YES_AGGRESSIVE;
				CLANG_WARN_UNREACHABLE_CODE = YES;
				CLANG_WARN__DUPLICATE_METHOD_MATCH = YES;
				CODE_SIGN_IDENTITY = "iPhone Developer";
				COPY_PHASE_STRIP = NO;
				DEBUG_INFORMATION_FORMAT = dwarf;
				ENABLE_STRICT_OBJC_MSGSEND = YES;
				ENABLE_TESTABILITY = YES;
				GCC_C_LANGUAGE_STANDARD = gnu11;
				GCC_DYNAMIC_NO_PIC = NO;
				GCC_NO_COMMON_BLOCKS = YES;
				GCC_OPTIMIZATION_LEVEL = 0;
				GCC_PREPROCESSOR_DEFINITIONS = (
					"DEBUG=1",
					"$(inherited)",
				);
				GCC_WARN_64_TO_32_BIT_CONVERSION = YES;
				GCC_WARN_ABOUT_RETURN_TYPE = YES_ERROR;
				GCC_WARN_UNDECLARED_SELECTOR = YES;
				GCC_WARN_UNINITIALIZED_AUTOS = YES_AGGRESSIVE;
				GCC_WARN_UNUSED_FUNCTION = YES;
				GCC_WARN_UNUSED_VARIABLE = YES;
				IPHONEOS_DEPLOYMENT_TARGET = 12.4;
				MTL_ENABLE_DEBUG_INFO = INCLUDE_SOURCE;
				MTL_FAST_MATH = YES;
				ONLY_ACTIVE_ARCH = YES;
				SDKROOT = iphoneos;
			};
			name = Debug;
		};
		0350345B231CB943009C75E5 /* Release */ = {
			isa = XCBuildConfiguration;
			buildSettings = {
				ALWAYS_SEARCH_USER_PATHS = NO;
				CLANG_ANALYZER_NONNULL = YES;
				CLANG_ANALYZER_NUMBER_OBJECT_CONVERSION = YES_AGGRESSIVE;
				CLANG_CXX_LANGUAGE_STANDARD = "gnu++14";
				CLANG_CXX_LIBRARY = "libc++";
				CLANG_ENABLE_MODULES = YES;
				CLANG_ENABLE_OBJC_ARC = YES;
				CLANG_ENABLE_OBJC_WEAK = YES;
				CLANG_WARN_BLOCK_CAPTURE_AUTORELEASING = YES;
				CLANG_WARN_BOOL_CONVERSION = YES;
				CLANG_WARN_COMMA = YES;
				CLANG_WARN_CONSTANT_CONVERSION = YES;
				CLANG_WARN_DEPRECATED_OBJC_IMPLEMENTATIONS = YES;
				CLANG_WARN_DIRECT_OBJC_ISA_USAGE = YES_ERROR;
				CLANG_WARN_DOCUMENTATION_COMMENTS = YES;
				CLANG_WARN_EMPTY_BODY = YES;
				CLANG_WARN_ENUM_CONVERSION = YES;
				CLANG_WARN_INFINITE_RECURSION = YES;
				CLANG_WARN_INT_CONVERSION = YES;
				CLANG_WARN_NON_LITERAL_NULL_CONVERSION = YES;
				CLANG_WARN_OBJC_IMPLICIT_RETAIN_SELF = YES;
				CLANG_WARN_OBJC_LITERAL_CONVERSION = YES;
				CLANG_WARN_OBJC_ROOT_CLASS = YES_ERROR;
				CLANG_WARN_RANGE_LOOP_ANALYSIS = YES;
				CLANG_WARN_STRICT_PROTOTYPES = YES;
				CLANG_WARN_SUSPICIOUS_MOVE = YES;
				CLANG_WARN_UNGUARDED_AVAILABILITY = YES_AGGRESSIVE;
				CLANG_WARN_UNREACHABLE_CODE = YES;
				CLANG_WARN__DUPLICATE_METHOD_MATCH = YES;
				CODE_SIGN_IDENTITY = "iPhone Developer";
				COPY_PHASE_STRIP = NO;
				DEBUG_INFORMATION_FORMAT = "dwarf-with-dsym";
				ENABLE_NS_ASSERTIONS = NO;
				ENABLE_STRICT_OBJC_MSGSEND = YES;
				GCC_C_LANGUAGE_STANDARD = gnu11;
				GCC_NO_COMMON_BLOCKS = YES;
				GCC_WARN_64_TO_32_BIT_CONVERSION = YES;
				GCC_WARN_ABOUT_RETURN_TYPE = YES_ERROR;
				GCC_WARN_UNDECLARED_SELECTOR = YES;
				GCC_WARN_UNINITIALIZED_AUTOS = YES_AGGRESSIVE;
				GCC_WARN_UNUSED_FUNCTION = YES;
				GCC_WARN_UNUSED_VARIABLE = YES;
				IPHONEOS_DEPLOYMENT_TARGET = 12.4;
				MTL_ENABLE_DEBUG_INFO = NO;
				MTL_FAST_MATH = YES;
				SDKROOT = iphoneos;
				VALIDATE_PRODUCT = YES;
			};
			name = Release;
		};
		0350345D231CB943009C75E5 /* Debug */ = {
			isa = XCBuildConfiguration;
			baseConfigurationReference = C35D943054BCBB0E72A2264E /* Pods-basic-demo.debug.xcconfig */;
			buildSettings = {
				ASSETCATALOG_COMPILER_APPICON_NAME = AppIcon;
				ASSETCATALOG_COMPILER_LAUNCHIMAGE_NAME = LaunchImage;
				CODE_SIGN_STYLE = Automatic;
				DEVELOPMENT_TEAM = G4LKSBRZ93;
				INFOPLIST_FILE = "basic-demo/Info.plist";
				IPHONEOS_DEPLOYMENT_TARGET = 9.0;
				LD_RUNPATH_SEARCH_PATHS = (
					"$(inherited)",
					"@executable_path/Frameworks",
				);
				PRODUCT_BUNDLE_IDENTIFIER = "com.wutong.basic-demo";
				PRODUCT_NAME = "$(TARGET_NAME)";
				TARGETED_DEVICE_FAMILY = "1,2";
				USER_HEADER_SEARCH_PATHS = (
					"${SRCROOT}/**",
					"${PODS_ROOT}/**",
				);
			};
			name = Debug;
		};
		0350345E231CB943009C75E5 /* Release */ = {
			isa = XCBuildConfiguration;
			baseConfigurationReference = 93750210AB907F4BD594AD0A /* Pods-basic-demo.release.xcconfig */;
			buildSettings = {
				ASSETCATALOG_COMPILER_APPICON_NAME = AppIcon;
				ASSETCATALOG_COMPILER_LAUNCHIMAGE_NAME = LaunchImage;
				CODE_SIGN_STYLE = Automatic;
				DEVELOPMENT_TEAM = G4LKSBRZ93;
				INFOPLIST_FILE = "basic-demo/Info.plist";
				IPHONEOS_DEPLOYMENT_TARGET = 9.0;
				LD_RUNPATH_SEARCH_PATHS = (
					"$(inherited)",
					"@executable_path/Frameworks",
				);
				PRODUCT_BUNDLE_IDENTIFIER = "com.wutong.basic-demo";
				PRODUCT_NAME = "$(TARGET_NAME)";
				TARGETED_DEVICE_FAMILY = "1,2";
				USER_HEADER_SEARCH_PATHS = (
					"${SRCROOT}/**",
					"${PODS_ROOT}/**",
				);
			};
			name = Release;
		};
/* End XCBuildConfiguration section */

/* Begin XCConfigurationList section */
		03503441231CB941009C75E5 /* Build configuration list for PBXProject "basic-demo" */ = {
			isa = XCConfigurationList;
			buildConfigurations = (
				0350345A231CB943009C75E5 /* Debug */,
				0350345B231CB943009C75E5 /* Release */,
			);
			defaultConfigurationIsVisible = 0;
			defaultConfigurationName = Release;
		};
		0350345C231CB943009C75E5 /* Build configuration list for PBXNativeTarget "basic-demo" */ = {
			isa = XCConfigurationList;
			buildConfigurations = (
				0350345D231CB943009C75E5 /* Debug */,
				0350345E231CB943009C75E5 /* Release */,
			);
			defaultConfigurationIsVisible = 0;
			defaultConfigurationName = Release;
		};
/* End XCConfigurationList section */
	};
	rootObject = 0350343E231CB941009C75E5 /* Project object */;
}
