// !$*UTF8*$!
{
	archiveVersion = 1;
	classes = {
	};
	objectVersion = 51;
	objects = {

/* Begin PBXBuildFile section */
		0355885F26450EA100D676ED /* AppDelegate.swift in Sources */ = {isa = PBXBuildFile; fileRef = 0355885E26450EA100D676ED /* AppDelegate.swift */; };
		0355886126450EA100D676ED /* SceneDelegate.swift in Sources */ = {isa = PBXBuildFile; fileRef = 0355886026450EA100D676ED /* SceneDelegate.swift */; };
		0355886326450EA100D676ED /* ViewController.swift in Sources */ = {isa = PBXBuildFile; fileRef = 0355886226450EA100D676ED /* ViewController.swift */; };
		0355886626450EA100D676ED /* Main.storyboard in Resources */ = {isa = PBXBuildFile; fileRef = 0355886426450EA100D676ED /* Main.storyboard */; };
		0355886826450EA400D676ED /* Assets.xcassets in Resources */ = {isa = PBXBuildFile; fileRef = 0355886726450EA400D676ED /* Assets.xcassets */; };
		0355886B26450EA400D676ED /* LaunchScreen.storyboard in Resources */ = {isa = PBXBuildFile; fileRef = 0355886926450EA400D676ED /* LaunchScreen.storyboard */; };
		0355887A264510A800D676ED /* ChildViewController.swift in Sources */ = {isa = PBXBuildFile; fileRef = 03558879264510A800D676ED /* ChildViewController.swift */; };
		23BF506845ABFB75AEE07A96 /* Pods_TopTabLayout.framework in Frameworks */ = {isa = PBXBuildFile; fileRef = A0A33E3E338059101529465E /* Pods_TopTabLayout.framework */; };
/* End PBXBuildFile section */

/* Begin PBXFileReference section */
		0355885B26450EA100D676ED /* TopTabLayout.app */ = {isa = PBXFileReference; explicitFileType = wrapper.application; includeInIndex = 0; path = TopTabLayout.app; sourceTree = BUILT_PRODUCTS_DIR; };
		0355885E26450EA100D676ED /* AppDelegate.swift */ = {isa = PBXFileReference; lastKnownFileType = sourcecode.swift; path = AppDelegate.swift; sourceTree = "<group>"; };
		0355886026450EA100D676ED /* SceneDelegate.swift */ = {isa = PBXFileReference; lastKnownFileType = sourcecode.swift; path = SceneDelegate.swift; sourceTree = "<group>"; };
		0355886226450EA100D676ED /* ViewController.swift */ = {isa = PBXFileReference; lastKnownFileType = sourcecode.swift; path = ViewController.swift; sourceTree = "<group>"; };
		0355886526450EA100D676ED /* Base */ = {isa = PBXFileReference; lastKnownFileType = file.storyboard; name = Base; path = Base.lproj/Main.storyboard; sourceTree = "<group>"; };
		0355886726450EA400D676ED /* Assets.xcassets */ = {isa = PBXFileReference; lastKnownFileType = folder.assetcatalog; path = Assets.xcassets; sourceTree = "<group>"; };
		0355886A26450EA400D676ED /* Base */ = {isa = PBXFileReference; lastKnownFileType = file.storyboard; name = Base; path = Base.lproj/LaunchScreen.storyboard; sourceTree = "<group>"; };
		0355886C26450EA400D676ED /* Info.plist */ = {isa = PBXFileReference; lastKnownFileType = text.plist.xml; path = Info.plist; sourceTree = "<group>"; };
		03558879264510A800D676ED /* ChildViewController.swift */ = {isa = PBXFileReference; lastKnownFileType = sourcecode.swift; path = ChildViewController.swift; sourceTree = "<group>"; };
		A0A33E3E338059101529465E /* Pods_TopTabLayout.framework */ = {isa = PBXFileReference; explicitFileType = wrapper.framework; includeInIndex = 0; path = Pods_TopTabLayout.framework; sourceTree = BUILT_PRODUCTS_DIR; };
		A7C9053AA952B654A2EACACC /* Pods-TopTabLayout.release.xcconfig */ = {isa = PBXFileReference; includeInIndex = 1; lastKnownFileType = text.xcconfig; name = "Pods-TopTabLayout.release.xcconfig"; path = "Target Support Files/Pods-TopTabLayout/Pods-TopTabLayout.release.xcconfig"; sourceTree = "<group>"; };
		DD15C920FC4EDB38C8CC0489 /* Pods-TopTabLayout.debug.xcconfig */ = {isa = PBXFileReference; includeInIndex = 1; lastKnownFileType = text.xcconfig; name = "Pods-TopTabLayout.debug.xcconfig"; path = "Target Support Files/Pods-TopTabLayout/Pods-TopTabLayout.debug.xcconfig"; sourceTree = "<group>"; };
/* End PBXFileReference section */

/* Begin PBXFrameworksBuildPhase section */
		0355885826450EA100D676ED /* Frameworks */ = {
			isa = PBXFrameworksBuildPhase;
			buildActionMask = 2147483647;
			files = (
				23BF506845ABFB75AEE07A96 /* Pods_TopTabLayout.framework in Frameworks */,
			);
			runOnlyForDeploymentPostprocessing = 0;
		};
/* End PBXFrameworksBuildPhase section */

/* Begin PBXGroup section */
		0355885226450EA000D676ED = {
			isa = PBXGroup;
			children = (
				0355885D26450EA100D676ED /* TopTabLayout */,
				0355885C26450EA100D676ED /* Products */,
				5B0AE258EEF0F10B7E37385C /* Pods */,
				57093EE664B5EF5E42EAAEDB /* Frameworks */,
			);
			sourceTree = "<group>";
		};
		0355885C26450EA100D676ED /* Products */ = {
			isa = PBXGroup;
			children = (
				0355885B26450EA100D676ED /* TopTabLayout.app */,
			);
			name = Products;
			sourceTree = "<group>";
		};
		0355885D26450EA100D676ED /* TopTabLayout */ = {
			isa = PBXGroup;
			children = (
				0355885E26450EA100D676ED /* AppDelegate.swift */,
				0355886026450EA100D676ED /* SceneDelegate.swift */,
				0355886226450EA100D676ED /* ViewController.swift */,
				03558879264510A800D676ED /* ChildViewController.swift */,
				0355886426450EA100D676ED /* Main.storyboard */,
				0355886726450EA400D676ED /* Assets.xcassets */,
				0355886926450EA400D676ED /* LaunchScreen.storyboard */,
				0355886C26450EA400D676ED /* Info.plist */,
			);
			path = TopTabLayout;
			sourceTree = "<group>";
		};
		57093EE664B5EF5E42EAAEDB /* Frameworks */ = {
			isa = PBXGroup;
			children = (
				A0A33E3E338059101529465E /* Pods_TopTabLayout.framework */,
			);
			name = Frameworks;
			sourceTree = "<group>";
		};
		5B0AE258EEF0F10B7E37385C /* Pods */ = {
			isa = PBXGroup;
			children = (
				DD15C920FC4EDB38C8CC0489 /* Pods-TopTabLayout.debug.xcconfig */,
				A7C9053AA952B654A2EACACC /* Pods-TopTabLayout.release.xcconfig */,
			);
			path = Pods;
			sourceTree = "<group>";
		};
/* End PBXGroup section */

/* Begin PBXNativeTarget section */
		0355885A26450EA100D676ED /* TopTabLayout */ = {
			isa = PBXNativeTarget;
			buildConfigurationList = 0355886F26450EA400D676ED /* Build configuration list for PBXNativeTarget "TopTabLayout" */;
			buildPhases = (
				AEB487F266FA9A1420F8AC1C /* [CP] Check Pods Manifest.lock */,
				0355885726450EA100D676ED /* Sources */,
				0355885826450EA100D676ED /* Frameworks */,
				0355885926450EA100D676ED /* Resources */,
				06BCBB5C7F857E2414BBE20F /* [CP] Embed Pods Frameworks */,
			);
			buildRules = (
			);
			dependencies = (
			);
			name = TopTabLayout;
			productName = TopTabLayout;
			productReference = 0355885B26450EA100D676ED /* TopTabLayout.app */;
			productType = "com.apple.product-type.application";
		};
/* End PBXNativeTarget section */

/* Begin PBXProject section */
		0355885326450EA100D676ED /* Project object */ = {
			isa = PBXProject;
			attributes = {
				LastSwiftUpdateCheck = 1240;
				LastUpgradeCheck = 1240;
				TargetAttributes = {
					0355885A26450EA100D676ED = {
						CreatedOnToolsVersion = 12.4;
					};
				};
			};
			buildConfigurationList = 0355885626450EA100D676ED /* Build configuration list for PBXProject "TopTabLayout" */;
			compatibilityVersion = "Xcode 9.3";
			developmentRegion = en;
			hasScannedForEncodings = 0;
			knownRegions = (
				en,
				Base,
			);
			mainGroup = 0355885226450EA000D676ED;
			productRefGroup = 0355885C26450EA100D676ED /* Products */;
			projectDirPath = "";
			projectRoot = "";
			targets = (
				0355885A26450EA100D676ED /* TopTabLayout */,
			);
		};
/* End PBXProject section */

/* Begin PBXResourcesBuildPhase section */
		0355885926450EA100D676ED /* Resources */ = {
			isa = PBXResourcesBuildPhase;
			buildActionMask = 2147483647;
			files = (
				0355886B26450EA400D676ED /* LaunchScreen.storyboard in Resources */,
				0355886826450EA400D676ED /* Assets.xcassets in Resources */,
				0355886626450EA100D676ED /* Main.storyboard in Resources */,
			);
			runOnlyForDeploymentPostprocessing = 0;
		};
/* End PBXResourcesBuildPhase section */

/* Begin PBXShellScriptBuildPhase section */
		06BCBB5C7F857E2414BBE20F /* [CP] Embed Pods Frameworks */ = {
			isa = PBXShellScriptBuildPhase;
			buildActionMask = 2147483647;
			files = (
			);
			inputFileListPaths = (
				"${PODS_ROOT}/Target Support Files/Pods-TopTabLayout/Pods-TopTabLayout-frameworks-${CONFIGURATION}-input-files.xcfilelist",
			);
			name = "[CP] Embed Pods Frameworks";
			outputFileListPaths = (
				"${PODS_ROOT}/Target Support Files/Pods-TopTabLayout/Pods-TopTabLayout-frameworks-${CONFIGURATION}-output-files.xcfilelist",
			);
			runOnlyForDeploymentPostprocessing = 0;
			shellPath = /bin/sh;
			shellScript = "\"${PODS_ROOT}/Target Support Files/Pods-TopTabLayout/Pods-TopTabLayout-frameworks.sh\"\n";
			showEnvVarsInLog = 0;
		};
		AEB487F266FA9A1420F8AC1C /* [CP] Check Pods Manifest.lock */ = {
			isa = PBXShellScriptBuildPhase;
			buildActionMask = 2147483647;
			files = (
			);
			inputFileListPaths = (
			);
			inputPaths = (
				"${PODS_PODFILE_DIR_PATH}/Podfile.lock",
				"${PODS_ROOT}/Manifest.lock",
			);
			name = "[CP] Check Pods Manifest.lock";
			outputFileListPaths = (
			);
			outputPaths = (
				"$(DERIVED_FILE_DIR)/Pods-TopTabLayout-checkManifestLockResult.txt",
			);
			runOnlyForDeploymentPostprocessing = 0;
			shellPath = /bin/sh;
			shellScript = "diff \"${PODS_PODFILE_DIR_PATH}/Podfile.lock\" \"${PODS_ROOT}/Manifest.lock\" > /dev/null\nif [ $? != 0 ] ; then\n    # print error to STDERR\n    echo \"error: The sandbox is not in sync with the Podfile.lock. Run 'pod install' or update your CocoaPods installation.\" >&2\n    exit 1\nfi\n# This output is used by Xcode 'outputs' to avoid re-running this script phase.\necho \"SUCCESS\" > \"${SCRIPT_OUTPUT_FILE_0}\"\n";
			showEnvVarsInLog = 0;
		};
/* End PBXShellScriptBuildPhase section */

/* Begin PBXSourcesBuildPhase section */
		0355885726450EA100D676ED /* Sources */ = {
			isa = PBXSourcesBuildPhase;
			buildActionMask = 2147483647;
			files = (
				0355886326450EA100D676ED /* ViewController.swift in Sources */,
				0355885F26450EA100D676ED /* AppDelegate.swift in Sources */,
				0355886126450EA100D676ED /* SceneDelegate.swift in Sources */,
				0355887A264510A800D676ED /* ChildViewController.swift in Sources */,
			);
			runOnlyForDeploymentPostprocessing = 0;
		};
/* End PBXSourcesBuildPhase section */

/* Begin PBXVariantGroup section */
		0355886426450EA100D676ED /* Main.storyboard */ = {
			isa = PBXVariantGroup;
			children = (
				0355886526450EA100D676ED /* Base */,
			);
			name = Main.storyboard;
			sourceTree = "<group>";
		};
		0355886926450EA400D676ED /* LaunchScreen.storyboard */ = {
			isa = PBXVariantGroup;
			children = (
				0355886A26450EA400D676ED /* Base */,
			);
			name = LaunchScreen.storyboard;
			sourceTree = "<group>";
		};
/* End PBXVariantGroup section */

/* Begin XCBuildConfiguration section */
		0355886D26450EA400D676ED /* Debug */ = {
			isa = XCBuildConfiguration;
			buildSettings = {
				ALWAYS_SEARCH_USER_PATHS = NO;
				CLANG_ANALYZER_NONNULL = YES;
				CLANG_ANALYZER_NUMBER_OBJECT_CONVERSION = YES_AGGRESSIVE;
				CLANG_CXX_LANGUAGE_STANDARD = "gnu++14";
				CLANG_CXX_LIBRARY = "libc++";
				CLANG_ENABLE_MODULES = YES;
				CLANG_ENABLE_OBJC_ARC = YES;
				CLANG_ENABLE_OBJC_WEAK = YES;
				CLANG_WARN_BLOCK_CAPTURE_AUTORELEASING = YES;
				CLANG_WARN_BOOL_CONVERSION = YES;
				CLANG_WARN_COMMA = YES;
				CLANG_WARN_CONSTANT_CONVERSION = YES;
				CLANG_WARN_DEPRECATED_OBJC_IMPLEMENTATIONS = YES;
				CLANG_WARN_DIRECT_OBJC_ISA_USAGE = YES_ERROR;
				CLANG_WARN_DOCUMENTATION_COMMENTS = YES;
				CLANG_WARN_EMPTY_BODY = YES;
				CLANG_WARN_ENUM_CONVERSION = YES;
				CLANG_WARN_INFINITE_RECURSION = YES;
				CLANG_WARN_INT_CONVERSION = YES;
				CLANG_WARN_NON_LITERAL_NULL_CONVERSION = YES;
				CLANG_WARN_OBJC_IMPLICIT_RETAIN_SELF = YES;
				CLANG_WARN_OBJC_LITERAL_CONVERSION = YES;
				CLANG_WARN_OBJC_ROOT_CLASS = YES_ERROR;
				CLANG_WARN_QUOTED_INCLUDE_IN_FRAMEWORK_HEADER = YES;
				CLANG_WARN_RANGE_LOOP_ANALYSIS = YES;
				CLANG_WARN_STRICT_PROTOTYPES = YES;
				CLANG_WARN_SUSPICIOUS_MOVE = YES;
				CLANG_WARN_UNGUARDED_AVAILABILITY = YES_AGGRESSIVE;
				CLANG_WARN_UNREACHABLE_CODE = YES;
				CLANG_WARN__DUPLICATE_METHOD_MATCH = YES;
				COPY_PHASE_STRIP = NO;
				DEBUG_INFORMATION_FORMAT = dwarf;
				ENABLE_STRICT_OBJC_MSGSEND = YES;
				ENABLE_TESTABILITY = YES;
				GCC_C_LANGUAGE_STANDARD = gnu11;
				GCC_DYNAMIC_NO_PIC = NO;
				GCC_NO_COMMON_BLOCKS = YES;
				GCC_OPTIMIZATION_LEVEL = 0;
				GCC_PREPROCESSOR_DEFINITIONS = (
					"DEBUG=1",
					"$(inherited)",
				);
				GCC_WARN_64_TO_32_BIT_CONVERSION = YES;
				GCC_WARN_ABOUT_RETURN_TYPE = YES_ERROR;
				GCC_WARN_UNDECLARED_SELECTOR = YES;
				GCC_WARN_UNINITIALIZED_AUTOS = YES_AGGRESSIVE;
				GCC_WARN_UNUSED_FUNCTION = YES;
				GCC_WARN_UNUSED_VARIABLE = YES;
				IPHONEOS_DEPLOYMENT_TARGET = 14.4;
				MTL_ENABLE_DEBUG_INFO = INCLUDE_SOURCE;
				MTL_FAST_MATH = YES;
				ONLY_ACTIVE_ARCH = YES;
				SDKROOT = iphoneos;
				SWIFT_ACTIVE_COMPILATION_CONDITIONS = DEBUG;
				SWIFT_OPTIMIZATION_LEVEL = "-Onone";
			};
			name = Debug;
		};
		0355886E26450EA400D676ED /* Release */ = {
			isa = XCBuildConfiguration;
			buildSettings = {
				ALWAYS_SEARCH_USER_PATHS = NO;
				CLANG_ANALYZER_NONNULL = YES;
				CLANG_ANALYZER_NUMBER_OBJECT_CONVERSION = YES_AGGRESSIVE;
				CLANG_CXX_LANGUAGE_STANDARD = "gnu++14";
				CLANG_CXX_LIBRARY = "libc++";
				CLANG_ENABLE_MODULES = YES;
				CLANG_ENABLE_OBJC_ARC = YES;
				CLANG_ENABLE_OBJC_WEAK = YES;
				CLANG_WARN_BLOCK_CAPTURE_AUTORELEASING = YES;
				CLANG_WARN_BOOL_CONVERSION = YES;
				CLANG_WARN_COMMA = YES;
				CLANG_WARN_CONSTANT_CONVERSION = YES;
				CLANG_WARN_DEPRECATED_OBJC_IMPLEMENTATIONS = YES;
				CLANG_WARN_DIRECT_OBJC_ISA_USAGE = YES_ERROR;
				CLANG_WARN_DOCUMENTATION_COMMENTS = YES;
				CLANG_WARN_EMPTY_BODY = YES;
				CLANG_WARN_ENUM_CONVERSION = YES;
				CLANG_WARN_INFINITE_RECURSION = YES;
				CLANG_WARN_INT_CONVERSION = YES;
				CLANG_WARN_NON_LITERAL_NULL_CONVERSION = YES;
				CLANG_WARN_OBJC_IMPLICIT_RETAIN_SELF = YES;
				CLANG_WARN_OBJC_LITERAL_CONVERSION = YES;
				CLANG_WARN_OBJC_ROOT_CLASS = YES_ERROR;
				CLANG_WARN_QUOTED_INCLUDE_IN_FRAMEWORK_HEADER = YES;
				CLANG_WARN_RANGE_LOOP_ANALYSIS = YES;
				CLANG_WARN_STRICT_PROTOTYPES = YES;
				CLANG_WARN_SUSPICIOUS_MOVE = YES;
				CLANG_WARN_UNGUARDED_AVAILABILITY = YES_AGGRESSIVE;
				CLANG_WARN_UNREACHABLE_CODE = YES;
				CLANG_WARN__DUPLICATE_METHOD_MATCH = YES;
				COPY_PHASE_STRIP = NO;
				DEBUG_INFORMATION_FORMAT = "dwarf-with-dsym";
				ENABLE_NS_ASSERTIONS = NO;
				ENABLE_STRICT_OBJC_MSGSEND = YES;
				GCC_C_LANGUAGE_STANDARD = gnu11;
				GCC_NO_COMMON_BLOCKS = YES;
				GCC_WARN_64_TO_32_BIT_CONVERSION = YES;
				GCC_WARN_ABOUT_RETURN_TYPE = YES_ERROR;
				GCC_WARN_UNDECLARED_SELECTOR = YES;
				GCC_WARN_UNINITIALIZED_AUTOS = YES_AGGRESSIVE;
				GCC_WARN_UNUSED_FUNCTION = YES;
				GCC_WARN_UNUSED_VARIABLE = YES;
				IPHONEOS_DEPLOYMENT_TARGET = 14.4;
				MTL_ENABLE_DEBUG_INFO = NO;
				MTL_FAST_MATH = YES;
				SDKROOT = iphoneos;
				SWIFT_COMPILATION_MODE = wholemodule;
				SWIFT_OPTIMIZATION_LEVEL = "-O";
				VALIDATE_PRODUCT = YES;
			};
			name = Release;
		};
		0355887026450EA400D676ED /* Debug */ = {
			isa = XCBuildConfiguration;
			baseConfigurationReference = DD15C920FC4EDB38C8CC0489 /* Pods-TopTabLayout.debug.xcconfig */;
			buildSettings = {
				ASSETCATALOG_COMPILER_APPICON_NAME = AppIcon;
				ASSETCATALOG_COMPILER_GLOBAL_ACCENT_COLOR_NAME = AccentColor;
				CODE_SIGN_STYLE = Automatic;
				DEVELOPMENT_TEAM = G4LKSBRZ93;
				INFOPLIST_FILE = TopTabLayout/Info.plist;
				LD_RUNPATH_SEARCH_PATHS = (
					"$(inherited)",
					"@executable_path/Frameworks",
				);
				PRODUCT_BUNDLE_IDENTIFIER = com.away0x.TopTabLayout;
				PRODUCT_NAME = "$(TARGET_NAME)";
				SWIFT_VERSION = 5.0;
				TARGETED_DEVICE_FAMILY = "1,2";
			};
			name = Debug;
		};
		0355887126450EA400D676ED /* Release */ = {
			isa = XCBuildConfiguration;
			baseConfigurationReference = A7C9053AA952B654A2EACACC /* Pods-TopTabLayout.release.xcconfig */;
			buildSettings = {
				ASSETCATALOG_COMPILER_APPICON_NAME = AppIcon;
				ASSETCATALOG_COMPILER_GLOBAL_ACCENT_COLOR_NAME = AccentColor;
				CODE_SIGN_STYLE = Automatic;
				DEVELOPMENT_TEAM = G4LKSBRZ93;
				INFOPLIST_FILE = TopTabLayout/Info.plist;
				LD_RUNPATH_SEARCH_PATHS = (
					"$(inherited)",
					"@executable_path/Frameworks",
				);
				PRODUCT_BUNDLE_IDENTIFIER = com.away0x.TopTabLayout;
				PRODUCT_NAME = "$(TARGET_NAME)";
				SWIFT_VERSION = 5.0;
				TARGETED_DEVICE_FAMILY = "1,2";
			};
			name = Release;
		};
/* End XCBuildConfiguration section */

/* Begin XCConfigurationList section */
		0355885626450EA100D676ED /* Build configuration list for PBXProject "TopTabLayout" */ = {
			isa = XCConfigurationList;
			buildConfigurations = (
				0355886D26450EA400D676ED /* Debug */,
				0355886E26450EA400D676ED /* Release */,
			);
			defaultConfigurationIsVisible = 0;
			defaultConfigurationName = Release;
		};
		0355886F26450EA400D676ED /* Build configuration list for PBXNativeTarget "TopTabLayout" */ = {
			isa = XCConfigurationList;
			buildConfigurations = (
				0355887026450EA400D676ED /* Debug */,
				0355887126450EA400D676ED /* Release */,
			);
			defaultConfigurationIsVisible = 0;
			defaultConfigurationName = Release;
		};
/* End XCConfigurationList section */
	};
	rootObject = 0355885326450EA100D676ED /* Project object */;
}
